# THIS IS AN AUTOGENERATED FILE. DO NOT EDIT THIS FILE DIRECTLY.
# yarn lockfile v1


prettier@^1.18.2:
  version "1.18.2"
  resolved "https://registry.yarnpkg.com/prettier/-/prettier-1.18.2.tgz#6823e7c5900017b4bd3acf46fe9ac4b4d7bda9ea"
  integrity sha512-OeHeMc0JhFE9idD4ZdtNibzY0+TPHSpSSb9h8FqtP+YnoZZ1sl8Vc9b1sasjfymH3SonAF4QcA2+mzHPhMvIiw==

typescript@^3.7.1-rc:
  version "3.7.1-rc"
  resolved "https://registry.yarnpkg.com/typescript/-/typescript-3.7.1-rc.tgz#2054b872d67f8dc732e36c1df397f9327f37ada0"
  integrity sha512-2rMtWppLsaPvmpXsoIAXWDBQVnJMw1ITGGSnidMuayLj9iCmMRT69ncKZw/Mk5rXfJkilApKucWQZxproALoRw==
